
Microsoft Visual Studio Solution File, Format Version 12.00
# Visual Studio Version 16
VisualStudioVersion = 16.0.29609.76
MinimumVisualStudioVersion = 10.0.40219.1
Project("{FAE04EC0-301F-11D3-BF4B-00C04F79EFBC}") = "SchoolManagement", "SchoolManagement\SchoolManagement.csproj", "{13381CA6-EBE2-46E1-AC78-B9670DBBB11A}"
EndProject
Project("{FAE04EC0-301F-11D3-BF4B-00C04F79EFBC}") = "ShoolManagement.BusinessLogic", "ShoolManagement.BusinessLogic\ShoolManagement.BusinessLogic.csproj", "{1462855D-06B3-4DB5-9805-52A9FD3FCB0E}"
EndProject
Project("{FAE04EC0-301F-11D3-BF4B-00C04F79EFBC}") = "SchoolManagement.Data", "SchoolManagement.Data\SchoolManagement.Data.csproj", "{55467AD3-9503-417D-B28E-353DB3BB7CEF}"
EndProject
Global
	GlobalSection(SolutionConfigurationPlatforms) = preSolution
		Debug|Any CPU = Debug|Any CPU
		Release|Any CPU = Release|Any CPU
	EndGlobalSection
	GlobalSection(ProjectConfigurationPlatforms) = postSolution
		{13381CA6-EBE2-46E1-AC78-B9670DBBB11A}.Debug|Any CPU.ActiveCfg = Debug|Any CPU
		{13381CA6-EBE2-46E1-AC78-B9670DBBB11A}.Debug|Any CPU.Build.0 = Debug|Any CPU
		{13381CA6-EBE2-46E1-AC78-B9670DBBB11A}.Release|Any CPU.ActiveCfg = Release|Any CPU
		{13381CA6-EBE2-46E1-AC78-B9670DBBB11A}.Release|Any CPU.Build.0 = Release|Any CPU
		{1462855D-06B3-4DB5-9805-52A9FD3FCB0E}.Debug|Any CPU.ActiveCfg = Debug|Any CPU
		{1462855D-06B3-4DB5-9805-52A9FD3FCB0E}.Debug|Any CPU.Build.0 = Debug|Any CPU
		{1462855D-06B3-4DB5-9805-52A9FD3FCB0E}.Release|Any CPU.ActiveCfg = Release|Any CPU
		{1462855D-06B3-4DB5-9805-52A9FD3FCB0E}.Release|Any CPU.Build.0 = Release|Any CPU
		{55467AD3-9503-417D-B28E-353DB3BB7CEF}.Debug|Any CPU.ActiveCfg = Debug|Any CPU
		{55467AD3-9503-417D-B28E-353DB3BB7CEF}.Debug|Any CPU.Build.0 = Debug|Any CPU
		{55467AD3-9503-417D-B28E-353DB3BB7CEF}.Release|Any CPU.ActiveCfg = Release|Any CPU
		{55467AD3-9503-417D-B28E-353DB3BB7CEF}.Release|Any CPU.Build.0 = Release|Any CPU
	EndGlobalSection
	GlobalSection(SolutionProperties) = preSolution
		HideSolutionNode = FALSE
	EndGlobalSection
	GlobalSection(ExtensibilityGlobals) = postSolution
		SolutionGuid = {6E1C7E66-30AD-42D9-9075-B347CB5A345A}
	EndGlobalSection
EndGlobal
